
Microsoft Visual Studio Solution File, Format Version 12.00
# Visual Studio Version 16
VisualStudioVersion = 16.0.29102.190
MinimumVisualStudioVersion = 10.0.40219.1
Project("{FAE04EC0-301F-11D3-BF4B-00C04F79EFBC}") = "CekSB", "CekSB\CekSB.csproj", "{301CB141-FF54-46B8-8CDF-F9110812C2FD}"
EndProject
Global
	GlobalSection(SolutionConfigurationPlatforms) = preSolution
		Debug|Any CPU = Debug|Any CPU
		Release|Any CPU = Release|Any CPU
	EndGlobalSection
	GlobalSection(ProjectConfigurationPlatforms) = postSolution
		{301CB141-FF54-46B8-8CDF-F9110812C2FD}.Debug|Any CPU.ActiveCfg = Debug|Any CPU
		{301CB141-FF54-46B8-8CDF-F9110812C2FD}.Debug|Any CPU.Build.0 = Debug|Any CPU
		{301CB141-FF54-46B8-8CDF-F9110812C2FD}.Release|Any CPU.ActiveCfg = Release|Any CPU
		{301CB141-FF54-46B8-8CDF-F9110812C2FD}.Release|Any CPU.Build.0 = Release|Any CPU
	EndGlobalSection
	GlobalSection(SolutionProperties) = preSolution
		HideSolutionNode = FALSE
	EndGlobalSection
	GlobalSection(ExtensibilityGlobals) = postSolution
		SolutionGuid = {937B1C6D-9959-40AE-AFE3-E653CB4AE085}
	EndGlobalSection
EndGlobal
